// !$*UTF8*$!
{
	archiveVersion = 1;
	classes = {
	};
	objectVersion = 77;
	objects = {

/* Begin PBXContainerItemProxy section */
		2FA16A472D1C10F1002A24FD /* PBXContainerItemProxy */ = {
			isa = PBXContainerItemProxy;
			containerPortal = 2FA16A2E2D1C10F0002A24FD /* Project object */;
			proxyType = 1;
			remoteGlobalIDString = 2FA16A352D1C10F0002A24FD;
			remoteInfo = "ToDo Tracker";
		};
		2FA16A512D1C10F1002A24FD /* PBXContainerItemProxy */ = {
			isa = PBXContainerItemProxy;
			containerPortal = 2FA16A2E2D1C10F0002A24FD /* Project object */;
			proxyType = 1;
			remoteGlobalIDString = 2FA16A352D1C10F0002A24FD;
			remoteInfo = "ToDo Tracker";
		};
/* End PBXContainerItemProxy section */

/* Begin PBXFileReference section */
		2FA16A362D1C10F0002A24FD /* ToDo Tracker.app */ = {isa = PBXFileReference; explicitFileType = wrapper.application; includeInIndex = 0; path = "ToDo Tracker.app"; sourceTree = BUILT_PRODUCTS_DIR; };
		2FA16A462D1C10F1002A24FD /* ToDo TrackerTests.xctest */ = {isa = PBXFileReference; explicitFileType = wrapper.cfbundle; includeInIndex = 0; path = "ToDo TrackerTests.xctest"; sourceTree = BUILT_PRODUCTS_DIR; };
		2FA16A502D1C10F1002A24FD /* ToDo TrackerUITests.xctest */ = {isa = PBXFileReference; explicitFileType = wrapper.cfbundle; includeInIndex = 0; path = "ToDo TrackerUITests.xctest"; sourceTree = BUILT_PRODUCTS_DIR; };
/* End PBXFileReference section */

/* Begin PBXFileSystemSynchronizedRootGroup section */
		2FA16A382D1C10F0002A24FD /* ToDo Tracker */ = {
			isa = PBXFileSystemSynchronizedRootGroup;
			path = "ToDo Tracker";
			sourceTree = "<group>";
		};
		2FA16A492D1C10F1002A24FD /* ToDo TrackerTests */ = {
			isa = PBXFileSystemSynchronizedRootGroup;
			path = "ToDo TrackerTests";
			sourceTree = "<group>";
		};
		2FA16A532D1C10F1002A24FD /* ToDo TrackerUITests */ = {
			isa = PBXFileSystemSynchronizedRootGroup;
			path = "ToDo TrackerUITests";
			sourceTree = "<group>";
		};
/* End PBXFileSystemSynchronizedRootGroup section */

/* Begin PBXFrameworksBuildPhase section */
		2FA16A332D1C10F0002A24FD /* Frameworks */ = {
			isa = PBXFrameworksBuildPhase;
			buildActionMask = 2147483647;
			files = (
			);
			runOnlyForDeploymentPostprocessing = 0;
		};
		2FA16A432D1C10F1002A24FD /* Frameworks */ = {
			isa = PBXFrameworksBuildPhase;
			buildActionMask = 2147483647;
			files = (
			);
			runOnlyForDeploymentPostprocessing = 0;
		};
		2FA16A4D2D1C10F1002A24FD /* Frameworks */ = {
			isa = PBXFrameworksBuildPhase;
			buildActionMask = 2147483647;
			files = (
			);
			runOnlyForDeploymentPostprocessing = 0;
		};
/* End PBXFrameworksBuildPhase section */

/* Begin PBXGroup section */
		2FA16A2D2D1C10F0002A24FD = {
			isa = PBXGroup;
			children = (
				2FA16A382D1C10F0002A24FD /* ToDo Tracker */,
				2FA16A492D1C10F1002A24FD /* ToDo TrackerTests */,
				2FA16A532D1C10F1002A24FD /* ToDo TrackerUITests */,
				2FA16A372D1C10F0002A24FD /* Products */,
			);
			sourceTree = "<group>";
		};
		2FA16A372D1C10F0002A24FD /* Products */ = {
			isa = PBXGroup;
			children = (
				2FA16A362D1C10F0002A24FD /* ToDo Tracker.app */,
				2FA16A462D1C10F1002A24FD /* ToDo TrackerTests.xctest */,
				2FA16A502D1C10F1002A24FD /* ToDo TrackerUITests.xctest */,
			);
			name = Products;
			sourceTree = "<group>";
		};
/* End PBXGroup section */

/* Begin PBXNativeTarget section */
		2FA16A352D1C10F0002A24FD /* ToDo Tracker */ = {
			isa = PBXNativeTarget;
			buildConfigurationList = 2FA16A5A2D1C10F1002A24FD /* Build configuration list for PBXNativeTarget "ToDo Tracker" */;
			buildPhases = (
				2FA16A322D1C10F0002A24FD /* Sources */,
				2FA16A332D1C10F0002A24FD /* Frameworks */,
				2FA16A342D1C10F0002A24FD /* Resources */,
			);
			buildRules = (
			);
			dependencies = (
			);
			fileSystemSynchronizedGroups = (
				2FA16A382D1C10F0002A24FD /* ToDo Tracker */,
			);
			name = "ToDo Tracker";
			packageProductDependencies = (
			);
			productName = "ToDo Tracker";
			productReference = 2FA16A362D1C10F0002A24FD /* ToDo Tracker.app */;
			productType = "com.apple.product-type.application";
		};
		2FA16A452D1C10F1002A24FD /* ToDo TrackerTests */ = {
			isa = PBXNativeTarget;
			buildConfigurationList = 2FA16A5D2D1C10F1002A24FD /* Build configuration list for PBXNativeTarget "ToDo TrackerTests" */;
			buildPhases = (
				2FA16A422D1C10F1002A24FD /* Sources */,
				2FA16A432D1C10F1002A24FD /* Frameworks */,
				2FA16A442D1C10F1002A24FD /* Resources */,
			);
			buildRules = (
			);
			dependencies = (
				2FA16A482D1C10F1002A24FD /* PBXTargetDependency */,
			);
			fileSystemSynchronizedGroups = (
				2FA16A492D1C10F1002A24FD /* ToDo TrackerTests */,
			);
			name = "ToDo TrackerTests";
			packageProductDependencies = (
			);
			productName = "ToDo TrackerTests";
			productReference = 2FA16A462D1C10F1002A24FD /* ToDo TrackerTests.xctest */;
			productType = "com.apple.product-type.bundle.unit-test";
		};
		2FA16A4F2D1C10F1002A24FD /* ToDo TrackerUITests */ = {
			isa = PBXNativeTarget;
			buildConfigurationList = 2FA16A602D1C10F1002A24FD /* Build configuration list for PBXNativeTarget "ToDo TrackerUITests" */;
			buildPhases = (
				2FA16A4C2D1C10F1002A24FD /* Sources */,
				2FA16A4D2D1C10F1002A24FD /* Frameworks */,
				2FA16A4E2D1C10F1002A24FD /* Resources */,
			);
			buildRules = (
			);
			dependencies = (
				2FA16A522D1C10F1002A24FD /* PBXTargetDependency */,
			);
			fileSystemSynchronizedGroups = (
				2FA16A532D1C10F1002A24FD /* ToDo TrackerUITests */,
			);
			name = "ToDo TrackerUITests";
			packageProductDependencies = (
			);
			productName = "ToDo TrackerUITests";
			productReference = 2FA16A502D1C10F1002A24FD /* ToDo TrackerUITests.xctest */;
			productType = "com.apple.product-type.bundle.ui-testing";
		};
/* End PBXNativeTarget section */

/* Begin PBXProject section */
		2FA16A2E2D1C10F0002A24FD /* Project object */ = {
			isa = PBXProject;
			attributes = {
				BuildIndependentTargetsInParallel = 1;
				LastSwiftUpdateCheck = 1620;
				LastUpgradeCheck = 1620;
				TargetAttributes = {
					2FA16A352D1C10F0002A24FD = {
						CreatedOnToolsVersion = 16.2;
					};
					2FA16A452D1C10F1002A24FD = {
						CreatedOnToolsVersion = 16.2;
						TestTargetID = 2FA16A352D1C10F0002A24FD;
					};
					2FA16A4F2D1C10F1002A24FD = {
						CreatedOnToolsVersion = 16.2;
						TestTargetID = 2FA16A352D1C10F0002A24FD;
					};
				};
			};
			buildConfigurationList = 2FA16A312D1C10F0002A24FD /* Build configuration list for PBXProject "ToDo Tracker" */;
			developmentRegion = en;
			hasScannedForEncodings = 0;
			knownRegions = (
				en,
				Base,
			);
			mainGroup = 2FA16A2D2D1C10F0002A24FD;
			minimizedProjectReferenceProxies = 1;
			preferredProjectObjectVersion = 77;
			productRefGroup = 2FA16A372D1C10F0002A24FD /* Products */;
			projectDirPath = "";
			projectRoot = "";
			targets = (
				2FA16A352D1C10F0002A24FD /* ToDo Tracker */,
				2FA16A452D1C10F1002A24FD /* ToDo TrackerTests */,
				2FA16A4F2D1C10F1002A24FD /* ToDo TrackerUITests */,
			);
		};
/* End PBXProject section */

/* Begin PBXResourcesBuildPhase section */
		2FA16A342D1C10F0002A24FD /* Resources */ = {
			isa = PBXResourcesBuildPhase;
			buildActionMask = 2147483647;
			files = (
			);
			runOnlyForDeploymentPostprocessing = 0;
		};
		2FA16A442D1C10F1002A24FD /* Resources */ = {
			isa = PBXResourcesBuildPhase;
			buildActionMask = 2147483647;
			files = (
			);
			runOnlyForDeploymentPostprocessing = 0;
		};
		2FA16A4E2D1C10F1002A24FD /* Resources */ = {
			isa = PBXResourcesBuildPhase;
			buildActionMask = 2147483647;
			files = (
			);
			runOnlyForDeploymentPostprocessing = 0;
		};
/* End PBXResourcesBuildPhase section */

/* Begin PBXSourcesBuildPhase section */
		2FA16A322D1C10F0002A24FD /* Sources */ = {
			isa = PBXSourcesBuildPhase;
			buildActionMask = 2147483647;
			files = (
			);
			runOnlyForDeploymentPostprocessing = 0;
		};
		2FA16A422D1C10F1002A24FD /* Sources */ = {
			isa = PBXSourcesBuildPhase;
			buildActionMask = 2147483647;
			files = (
			);
			runOnlyForDeploymentPostprocessing = 0;
		};
		2FA16A4C2D1C10F1002A24FD /* Sources */ = {
			isa = PBXSourcesBuildPhase;
			buildActionMask = 2147483647;
			files = (
			);
			runOnlyForDeploymentPostprocessing = 0;
		};
/* End PBXSourcesBuildPhase section */

/* Begin PBXTargetDependency section */
		2FA16A482D1C10F1002A24FD /* PBXTargetDependency */ = {
			isa = PBXTargetDependency;
			target = 2FA16A352D1C10F0002A24FD /* ToDo Tracker */;
			targetProxy = 2FA16A472D1C10F1002A24FD /* PBXContainerItemProxy */;
		};
		2FA16A522D1C10F1002A24FD /* PBXTargetDependency */ = {
			isa = PBXTargetDependency;
			target = 2FA16A352D1C10F0002A24FD /* ToDo Tracker */;
			targetProxy = 2FA16A512D1C10F1002A24FD /* PBXContainerItemProxy */;
		};
/* End PBXTargetDependency section */

/* Begin XCBuildConfiguration section */
		2FA16A582D1C10F1002A24FD /* Debug */ = {
			isa = XCBuildConfiguration;
			buildSettings = {
				ALWAYS_SEARCH_USER_PATHS = NO;
				ASSETCATALOG_COMPILER_GENERATE_SWIFT_ASSET_SYMBOL_EXTENSIONS = YES;
				CLANG_ANALYZER_NONNULL = YES;
				CLANG_ANALYZER_NUMBER_OBJECT_CONVERSION = YES_AGGRESSIVE;
				CLANG_CXX_LANGUAGE_STANDARD = "gnu++20";
				CLANG_ENABLE_MODULES = YES;
				CLANG_ENABLE_OBJC_ARC = YES;
				CLANG_ENABLE_OBJC_WEAK = YES;
				CLANG_WARN_BLOCK_CAPTURE_AUTORELEASING = YES;
				CLANG_WARN_BOOL_CONVERSION = YES;
				CLANG_WARN_COMMA = YES;
				CLANG_WARN_CONSTANT_CONVERSION = YES;
				CLANG_WARN_DEPRECATED_OBJC_IMPLEMENTATIONS = YES;
				CLANG_WARN_DIRECT_OBJC_ISA_USAGE = YES_ERROR;
				CLANG_WARN_DOCUMENTATION_COMMENTS = YES;
				CLANG_WARN_EMPTY_BODY = YES;
				CLANG_WARN_ENUM_CONVERSION = YES;
				CLANG_WARN_INFINITE_RECURSION = YES;
				CLANG_WARN_INT_CONVERSION = YES;
				CLANG_WARN_NON_LITERAL_NULL_CONVERSION = YES;
				CLANG_WARN_OBJC_IMPLICIT_RETAIN_SELF = YES;
				CLANG_WARN_OBJC_LITERAL_CONVERSION = YES;
				CLANG_WARN_OBJC_ROOT_CLASS = YES_ERROR;
				CLANG_WARN_QUOTED_INCLUDE_IN_FRAMEWORK_HEADER = YES;
				CLANG_WARN_RANGE_LOOP_ANALYSIS = YES;
				CLANG_WARN_STRICT_PROTOTYPES = YES;
				CLANG_WARN_SUSPICIOUS_MOVE = YES;
				CLANG_WARN_UNGUARDED_AVAILABILITY = YES_AGGRESSIVE;
				CLANG_WARN_UNREACHABLE_CODE = YES;
				CLANG_WARN__DUPLICATE_METHOD_MATCH = YES;
				COPY_PHASE_STRIP = NO;
				DEBUG_INFORMATION_FORMAT = dwarf;
				ENABLE_STRICT_OBJC_MSGSEND = YES;
				ENABLE_TESTABILITY = YES;
				ENABLE_USER_SCRIPT_SANDBOXING = YES;
				GCC_C_LANGUAGE_STANDARD = gnu17;
				GCC_DYNAMIC_NO_PIC = NO;
				GCC_NO_COMMON_BLOCKS = YES;
				GCC_OPTIMIZATION_LEVEL = 0;
				GCC_PREPROCESSOR_DEFINITIONS = (
					"DEBUG=1",
					"$(inherited)",
				);
				GCC_WARN_64_TO_32_BIT_CONVERSION = YES;
				GCC_WARN_ABOUT_RETURN_TYPE = YES_ERROR;
				GCC_WARN_UNDECLARED_SELECTOR = YES;
				GCC_WARN_UNINITIALIZED_AUTOS = YES_AGGRESSIVE;
				GCC_WARN_UNUSED_FUNCTION = YES;
				GCC_WARN_UNUSED_VARIABLE = YES;
				IPHONEOS_DEPLOYMENT_TARGET = 18.2;
				LOCALIZATION_PREFERS_STRING_CATALOGS = YES;
				MTL_ENABLE_DEBUG_INFO = INCLUDE_SOURCE;
				MTL_FAST_MATH = YES;
				ONLY_ACTIVE_ARCH = YES;
				SDKROOT = iphoneos;
				SWIFT_ACTIVE_COMPILATION_CONDITIONS = "DEBUG $(inherited)";
				SWIFT_OPTIMIZATION_LEVEL = "-Onone";
			};
			name = Debug;
		};
		2FA16A592D1C10F1002A24FD /* Release */ = {
			isa = XCBuildConfiguration;
			buildSettings = {
				ALWAYS_SEARCH_USER_PATHS = NO;
				ASSETCATALOG_COMPILER_GENERATE_SWIFT_ASSET_SYMBOL_EXTENSIONS = YES;
				CLANG_ANALYZER_NONNULL = YES;
				CLANG_ANALYZER_NUMBER_OBJECT_CONVERSION = YES_AGGRESSIVE;
				CLANG_CXX_LANGUAGE_STANDARD = "gnu++20";
				CLANG_ENABLE_MODULES = YES;
				CLANG_ENABLE_OBJC_ARC = YES;
				CLANG_ENABLE_OBJC_WEAK = YES;
				CLANG_WARN_BLOCK_CAPTURE_AUTORELEASING = YES;
				CLANG_WARN_BOOL_CONVERSION = YES;
				CLANG_WARN_COMMA = YES;
				CLANG_WARN_CONSTANT_CONVERSION = YES;
				CLANG_WARN_DEPRECATED_OBJC_IMPLEMENTATIONS = YES;
				CLANG_WARN_DIRECT_OBJC_ISA_USAGE = YES_ERROR;
				CLANG_WARN_DOCUMENTATION_COMMENTS = YES;
				CLANG_WARN_EMPTY_BODY = YES;
				CLANG_WARN_ENUM_CONVERSION = YES;
				CLANG_WARN_INFINITE_RECURSION = YES;
				CLANG_WARN_INT_CONVERSION = YES;
				CLANG_WARN_NON_LITERAL_NULL_CONVERSION = YES;
				CLANG_WARN_OBJC_IMPLICIT_RETAIN_SELF = YES;
				CLANG_WARN_OBJC_LITERAL_CONVERSION = YES;
				CLANG_WARN_OBJC_ROOT_CLASS = YES_ERROR;
				CLANG_WARN_QUOTED_INCLUDE_IN_FRAMEWORK_HEADER = YES;
				CLANG_WARN_RANGE_LOOP_ANALYSIS = YES;
				CLANG_WARN_STRICT_PROTOTYPES = YES;
				CLANG_WARN_SUSPICIOUS_MOVE = YES;
				CLANG_WARN_UNGUARDED_AVAILABILITY = YES_AGGRESSIVE;
				CLANG_WARN_UNREACHABLE_CODE = YES;
				CLANG_WARN__DUPLICATE_METHOD_MATCH = YES;
				COPY_PHASE_STRIP = NO;
				DEBUG_INFORMATION_FORMAT = "dwarf-with-dsym";
				ENABLE_NS_ASSERTIONS = NO;
				ENABLE_STRICT_OBJC_MSGSEND = YES;
				ENABLE_USER_SCRIPT_SANDBOXING = YES;
				GCC_C_LANGUAGE_STANDARD = gnu17;
				GCC_NO_COMMON_BLOCKS = YES;
				GCC_WARN_64_TO_32_BIT_CONVERSION = YES;
				GCC_WARN_ABOUT_RETURN_TYPE = YES_ERROR;
				GCC_WARN_UNDECLARED_SELECTOR = YES;
				GCC_WARN_UNINITIALIZED_AUTOS = YES_AGGRESSIVE;
				GCC_WARN_UNUSED_FUNCTION = YES;
				GCC_WARN_UNUSED_VARIABLE = YES;
				IPHONEOS_DEPLOYMENT_TARGET = 18.2;
				LOCALIZATION_PREFERS_STRING_CATALOGS = YES;
				MTL_ENABLE_DEBUG_INFO = NO;
				MTL_FAST_MATH = YES;
				SDKROOT = iphoneos;
				SWIFT_COMPILATION_MODE = wholemodule;
				VALIDATE_PRODUCT = YES;
			};
			name = Release;
		};
		2FA16A5B2D1C10F1002A24FD /* Debug */ = {
			isa = XCBuildConfiguration;
			buildSettings = {
				ASSETCATALOG_COMPILER_APPICON_NAME = AppIcon;
				ASSETCATALOG_COMPILER_GLOBAL_ACCENT_COLOR_NAME = AccentColor;
				CODE_SIGN_STYLE = Automatic;
				CURRENT_PROJECT_VERSION = 1;
				DEVELOPMENT_ASSET_PATHS = "\"ToDo Tracker/Preview Content\"";
				DEVELOPMENT_TEAM = M286PF25PM;
				ENABLE_PREVIEWS = YES;
				GENERATE_INFOPLIST_FILE = YES;
				INFOPLIST_KEY_UIApplicationSceneManifest_Generation = YES;
				INFOPLIST_KEY_UIApplicationSupportsIndirectInputEvents = YES;
				INFOPLIST_KEY_UILaunchScreen_Generation = YES;
				INFOPLIST_KEY_UISupportedInterfaceOrientations_iPad = "UIInterfaceOrientationPortrait UIInterfaceOrientationPortraitUpsideDown UIInterfaceOrientationLandscapeLeft UIInterfaceOrientationLandscapeRight";
				INFOPLIST_KEY_UISupportedInterfaceOrientations_iPhone = "UIInterfaceOrientationPortrait UIInterfaceOrientationLandscapeLeft UIInterfaceOrientationLandscapeRight";
				LD_RUNPATH_SEARCH_PATHS = (
					"$(inherited)",
					"@executable_path/Frameworks",
				);
				MARKETING_VERSION = 1.0;
				PRODUCT_BUNDLE_IDENTIFIER = "com.cogeanu.ToDo-Tracker";
				PRODUCT_NAME = "$(TARGET_NAME)";
				SWIFT_EMIT_LOC_STRINGS = YES;
				SWIFT_VERSION = 5.0;
				TARGETED_DEVICE_FAMILY = "1,2";
			};
			name = Debug;
		};
		2FA16A5C2D1C10F1002A24FD /* Release */ = {
			isa = XCBuildConfiguration;
			buildSettings = {
				ASSETCATALOG_COMPILER_APPICON_NAME = AppIcon;
				ASSETCATALOG_COMPILER_GLOBAL_ACCENT_COLOR_NAME = AccentColor;
				CODE_SIGN_STYLE = Automatic;
				CURRENT_PROJECT_VERSION = 1;
				DEVELOPMENT_ASSET_PATHS = "\"ToDo Tracker/Preview Content\"";
				DEVELOPMENT_TEAM = M286PF25PM;
				ENABLE_PREVIEWS = YES;
				GENERATE_INFOPLIST_FILE = YES;
				INFOPLIST_KEY_UIApplicationSceneManifest_Generation = YES;
				INFOPLIST_KEY_UIApplicationSupportsIndirectInputEvents = YES;
				INFOPLIST_KEY_UILaunchScreen_Generation = YES;
				INFOPLIST_KEY_UISupportedInterfaceOrientations_iPad = "UIInterfaceOrientationPortrait UIInterfaceOrientationPortraitUpsideDown UIInterfaceOrientationLandscapeLeft UIInterfaceOrientationLandscapeRight";
				INFOPLIST_KEY_UISupportedInterfaceOrientations_iPhone = "UIInterfaceOrientationPortrait UIInterfaceOrientationLandscapeLeft UIInterfaceOrientationLandscapeRight";
				LD_RUNPATH_SEARCH_PATHS = (
					"$(inherited)",
					"@executable_path/Frameworks",
				);
				MARKETING_VERSION = 1.0;
				PRODUCT_BUNDLE_IDENTIFIER = "com.cogeanu.ToDo-Tracker";
				PRODUCT_NAME = "$(TARGET_NAME)";
				SWIFT_EMIT_LOC_STRINGS = YES;
				SWIFT_VERSION = 5.0;
				TARGETED_DEVICE_FAMILY = "1,2";
			};
			name = Release;
		};
		2FA16A5E2D1C10F1002A24FD /* Debug */ = {
			isa = XCBuildConfiguration;
			buildSettings = {
				BUNDLE_LOADER = "$(TEST_HOST)";
				CODE_SIGN_STYLE = Automatic;
				CURRENT_PROJECT_VERSION = 1;
				DEVELOPMENT_TEAM = M286PF25PM;
				GENERATE_INFOPLIST_FILE = YES;
				IPHONEOS_DEPLOYMENT_TARGET = 18.2;
				MARKETING_VERSION = 1.0;
				PRODUCT_BUNDLE_IDENTIFIER = "com.cogeanu.ToDo-TrackerTests";
				PRODUCT_NAME = "$(TARGET_NAME)";
				SWIFT_EMIT_LOC_STRINGS = NO;
				SWIFT_VERSION = 5.0;
				TARGETED_DEVICE_FAMILY = "1,2";
				TEST_HOST = "$(BUILT_PRODUCTS_DIR)/ToDo Tracker.app/$(BUNDLE_EXECUTABLE_FOLDER_PATH)/ToDo Tracker";
			};
			name = Debug;
		};
		2FA16A5F2D1C10F1002A24FD /* Release */ = {
			isa = XCBuildConfiguration;
			buildSettings = {
				BUNDLE_LOADER = "$(TEST_HOST)";
				CODE_SIGN_STYLE = Automatic;
				CURRENT_PROJECT_VERSION = 1;
				DEVELOPMENT_TEAM = M286PF25PM;
				GENERATE_INFOPLIST_FILE = YES;
				IPHONEOS_DEPLOYMENT_TARGET = 18.2;
				MARKETING_VERSION = 1.0;
				PRODUCT_BUNDLE_IDENTIFIER = "com.cogeanu.ToDo-TrackerTests";
				PRODUCT_NAME = "$(TARGET_NAME)";
				SWIFT_EMIT_LOC_STRINGS = NO;
				SWIFT_VERSION = 5.0;
				TARGETED_DEVICE_FAMILY = "1,2";
				TEST_HOST = "$(BUILT_PRODUCTS_DIR)/ToDo Tracker.app/$(BUNDLE_EXECUTABLE_FOLDER_PATH)/ToDo Tracker";
			};
			name = Release;
		};
		2FA16A612D1C10F1002A24FD /* Debug */ = {
			isa = XCBuildConfiguration;
			buildSettings = {
				CODE_SIGN_STYLE = Automatic;
				CURRENT_PROJECT_VERSION = 1;
				DEVELOPMENT_TEAM = M286PF25PM;
				GENERATE_INFOPLIST_FILE = YES;
				MARKETING_VERSION = 1.0;
				PRODUCT_BUNDLE_IDENTIFIER = "com.cogeanu.ToDo-TrackerUITests";
				PRODUCT_NAME = "$(TARGET_NAME)";
				SWIFT_EMIT_LOC_STRINGS = NO;
				SWIFT_VERSION = 5.0;
				TARGETED_DEVICE_FAMILY = "1,2";
				TEST_TARGET_NAME = "ToDo Tracker";
			};
			name = Debug;
		};
		2FA16A622D1C10F1002A24FD /* Release */ = {
			isa = XCBuildConfiguration;
			buildSettings = {
				CODE_SIGN_STYLE = Automatic;
				CURRENT_PROJECT_VERSION = 1;
				DEVELOPMENT_TEAM = M286PF25PM;
				GENERATE_INFOPLIST_FILE = YES;
				MARKETING_VERSION = 1.0;
				PRODUCT_BUNDLE_IDENTIFIER = "com.cogeanu.ToDo-TrackerUITests";
				PRODUCT_NAME = "$(TARGET_NAME)";
				SWIFT_EMIT_LOC_STRINGS = NO;
				SWIFT_VERSION = 5.0;
				TARGETED_DEVICE_FAMILY = "1,2";
				TEST_TARGET_NAME = "ToDo Tracker";
			};
			name = Release;
		};
/* End XCBuildConfiguration section */

/* Begin XCConfigurationList section */
		2FA16A312D1C10F0002A24FD /* Build configuration list for PBXProject "ToDo Tracker" */ = {
			isa = XCConfigurationList;
			buildConfigurations = (
				2FA16A582D1C10F1002A24FD /* Debug */,
				2FA16A592D1C10F1002A24FD /* Release */,
			);
			defaultConfigurationIsVisible = 0;
			defaultConfigurationName = Release;
		};
		2FA16A5A2D1C10F1002A24FD /* Build configuration list for PBXNativeTarget "ToDo Tracker" */ = {
			isa = XCConfigurationList;
			buildConfigurations = (
				2FA16A5B2D1C10F1002A24FD /* Debug */,
				2FA16A5C2D1C10F1002A24FD /* Release */,
			);
			defaultConfigurationIsVisible = 0;
			defaultConfigurationName = Release;
		};
		2FA16A5D2D1C10F1002A24FD /* Build configuration list for PBXNativeTarget "ToDo TrackerTests" */ = {
			isa = XCConfigurationList;
			buildConfigurations = (
				2FA16A5E2D1C10F1002A24FD /* Debug */,
				2FA16A5F2D1C10F1002A24FD /* Release */,
			);
			defaultConfigurationIsVisible = 0;
			defaultConfigurationName = Release;
		};
		2FA16A602D1C10F1002A24FD /* Build configuration list for PBXNativeTarget "ToDo TrackerUITests" */ = {
			isa = XCConfigurationList;
			buildConfigurations = (
				2FA16A612D1C10F1002A24FD /* Debug */,
				2FA16A622D1C10F1002A24FD /* Release */,
			);
			defaultConfigurationIsVisible = 0;
			defaultConfigurationName = Release;
		};
/* End XCConfigurationList section */
	};
	rootObject = 2FA16A2E2D1C10F0002A24FD /* Project object */;
}
